
Microsoft Visual Studio Solution File, Format Version 12.00
# Visual Studio Version 17
VisualStudioVersion = 17.11.35312.102
MinimumVisualStudioVersion = 10.0.40219.1
Project("{2150E333-8FDC-42A3-9474-1A3956D46DE8}") = "Task0", "Task0", "{6C0F7480-A515-47F6-95E1-5E56F5EC5FF2}"
EndProject
Project("{9A19103F-16F7-4668-BE54-9A1E7A4F7556}") = "Tyuiu.TodikovDE.Sprint4.Task0.V19", "Tyuiu.TodikovDE.Sprint4.Task0.V19\Tyuiu.TodikovDE.Sprint4.Task0.V19.csproj", "{FBAC6972-ECFC-4759-846E-ECA8BA026804}"
EndProject
Project("{9A19103F-16F7-4668-BE54-9A1E7A4F7556}") = "Tyuiu.TodikovDE.Sprint4.Task0.V19.Lib", "Tyuiu.TodikovDE.Sprint4.Task0.V19.Lib\Tyuiu.TodikovDE.Sprint4.Task0.V19.Lib.csproj", "{9F4FA9B7-5509-41C6-89A3-9815EC1452B6}"
EndProject
Project("{9A19103F-16F7-4668-BE54-9A1E7A4F7556}") = "Tyuiu.TodikovDE.Sprint4.Task0.V19.Test", "Tyuiu.TodikovDE.Sprint4.Task0.V19.Test\Tyuiu.TodikovDE.Sprint4.Task0.V19.Test.csproj", "{13E3EB27-26CB-4C5D-BF00-6CF212B68BC8}"
EndProject
Project("{2150E333-8FDC-42A3-9474-1A3956D46DE8}") = "Task1", "Task1", "{AD6E32D0-5F21-4E2E-82E6-5B787BA03FFD}"
EndProject
Project("{FAE04EC0-301F-11D3-BF4B-00C04F79EFBC}") = "Tyuiu.TodikovDE.Sprint4.Task1.V21", "Tyuiu.TodikovDE.Sprint4.Task1.V21\Tyuiu.TodikovDE.Sprint4.Task1.V21.csproj", "{C174A9F9-12DA-458B-AC6B-43A4A0785602}"
EndProject
Project("{FAE04EC0-301F-11D3-BF4B-00C04F79EFBC}") = "Tyuiu.TodikovDE.Sprint4.Task1.V21.Lib", "Tyuiu.TodikovDE.Sprint4.Task1.V21.Lib\Tyuiu.TodikovDE.Sprint4.Task1.V21.Lib.csproj", "{FBDBA537-65CF-4C1A-BCE2-C4CE273880E3}"
EndProject
Project("{FAE04EC0-301F-11D3-BF4B-00C04F79EFBC}") = "Tyuiu.TodikovDE.Sprint4.Task1.V21.Test", "Tyuiu.TodikovDE.Sprint4.Task1.V21.Test\Tyuiu.TodikovDE.Sprint4.Task1.V21.Test.csproj", "{3CD2595E-5876-4698-BA17-FFA209E553E8}"
EndProject
Project("{2150E333-8FDC-42A3-9474-1A3956D46DE8}") = "Task2", "Task2", "{5C56DF32-AB5B-4733-976D-78B80C618D29}"
EndProject
Project("{FAE04EC0-301F-11D3-BF4B-00C04F79EFBC}") = "Tyuiu.TodikovDE.Sprint4.Task2.V11", "Tyuiu.TodikovDE.Sprint4.Task2.V11\Tyuiu.TodikovDE.Sprint4.Task2.V11.csproj", "{BE7ADF69-6D56-4284-9ED0-5A3129C46538}"
EndProject
Project("{FAE04EC0-301F-11D3-BF4B-00C04F79EFBC}") = "Tyuiu.TodikovDE.Sprint4.Task2.V11.Lib", "Tyuiu.TodikovDE.Sprint4.Task2.V11.Lib\Tyuiu.TodikovDE.Sprint4.Task2.V11.Lib.csproj", "{912F229F-708F-4E72-AFF0-CE43FF10CF64}"
EndProject
Project("{FAE04EC0-301F-11D3-BF4B-00C04F79EFBC}") = "Tyuiu.TodikovDE.Sprint4.Task2.V11.Test", "Tyuiu.TodikovDE.Sprint4.Task2.V11.Test\Tyuiu.TodikovDE.Sprint4.Task2.V11.Test.csproj", "{0AA1B757-0FFA-40F0-80D2-D799631DB0E8}"
EndProject
Project("{2150E333-8FDC-42A3-9474-1A3956D46DE8}") = "Task3", "Task3", "{35E17172-F4F3-4526-892E-0D484C4254FE}"
EndProject
Project("{FAE04EC0-301F-11D3-BF4B-00C04F79EFBC}") = "Tyuiu.TodikovDE.Sprint4.Task3.V6", "Tyuiu.TodikovDE.Sprint4.Task3.V6\Tyuiu.TodikovDE.Sprint4.Task3.V6.csproj", "{5DB247AC-6DD5-439F-8ADC-29036B100C1B}"
EndProject
Project("{FAE04EC0-301F-11D3-BF4B-00C04F79EFBC}") = "Tyuiu.TodikovDE.Sprint4.Task3.V6.Lib", "Tyuiu.TodikovDE.Sprint4.Task3.V6.Lib\Tyuiu.TodikovDE.Sprint4.Task3.V6.Lib.csproj", "{0E9F9D50-80AE-4C67-9BF0-D2114D808476}"
EndProject
Project("{FAE04EC0-301F-11D3-BF4B-00C04F79EFBC}") = "Tyuiu.TodikovDE.Sprint4.Task3.V6.Test", "Tyuiu.TodikovDE.Sprint4.Task3.V6.Test\Tyuiu.TodikovDE.Sprint4.Task3.V6.Test.csproj", "{84145876-C432-418A-8C4D-AC93E2951871}"
EndProject
Project("{2150E333-8FDC-42A3-9474-1A3956D46DE8}") = "Task4", "Task4", "{C0DF644F-B462-4165-9729-796849DB72D2}"
EndProject
Project("{FAE04EC0-301F-11D3-BF4B-00C04F79EFBC}") = "Tyuiu.TodikovDE.Sprint4.Task4.V16", "Tyuiu.TodikovDE.Sprint4.Task4.V16\Tyuiu.TodikovDE.Sprint4.Task4.V16.csproj", "{E9E07DF6-5C59-44BA-A97C-C4125D191ED0}"
EndProject
Project("{FAE04EC0-301F-11D3-BF4B-00C04F79EFBC}") = "Tyuiu.TodikovDE.Sprint4.Task4.V16.Lib", "Tyuiu.TodikovDE.Sprint4.Task4.V16.Lib\Tyuiu.TodikovDE.Sprint4.Task4.V16.Lib.csproj", "{D5BEFB82-E30F-44CD-BE37-618B978555C9}"
EndProject
Project("{FAE04EC0-301F-11D3-BF4B-00C04F79EFBC}") = "Tyuiu.TodikovDE.Sprint4.Task4.V16.Test", "Tyuiu.TodikovDE.Sprint4.Task4.V16.Test\Tyuiu.TodikovDE.Sprint4.Task4.V16.Test.csproj", "{9E8A02B0-4DB8-4A91-A4B9-1815E09AE933}"
EndProject
Global
	GlobalSection(SolutionConfigurationPlatforms) = preSolution
		Debug|Any CPU = Debug|Any CPU
		Release|Any CPU = Release|Any CPU
	EndGlobalSection
	GlobalSection(ProjectConfigurationPlatforms) = postSolution
		{FBAC6972-ECFC-4759-846E-ECA8BA026804}.Debug|Any CPU.ActiveCfg = Debug|Any CPU
		{FBAC6972-ECFC-4759-846E-ECA8BA026804}.Debug|Any CPU.Build.0 = Debug|Any CPU
		{FBAC6972-ECFC-4759-846E-ECA8BA026804}.Release|Any CPU.ActiveCfg = Release|Any CPU
		{FBAC6972-ECFC-4759-846E-ECA8BA026804}.Release|Any CPU.Build.0 = Release|Any CPU
		{9F4FA9B7-5509-41C6-89A3-9815EC1452B6}.Debug|Any CPU.ActiveCfg = Debug|Any CPU
		{9F4FA9B7-5509-41C6-89A3-9815EC1452B6}.Debug|Any CPU.Build.0 = Debug|Any CPU
		{9F4FA9B7-5509-41C6-89A3-9815EC1452B6}.Release|Any CPU.ActiveCfg = Release|Any CPU
		{9F4FA9B7-5509-41C6-89A3-9815EC1452B6}.Release|Any CPU.Build.0 = Release|Any CPU
		{13E3EB27-26CB-4C5D-BF00-6CF212B68BC8}.Debug|Any CPU.ActiveCfg = Debug|Any CPU
		{13E3EB27-26CB-4C5D-BF00-6CF212B68BC8}.Debug|Any CPU.Build.0 = Debug|Any CPU
		{13E3EB27-26CB-4C5D-BF00-6CF212B68BC8}.Release|Any CPU.ActiveCfg = Release|Any CPU
		{13E3EB27-26CB-4C5D-BF00-6CF212B68BC8}.Release|Any CPU.Build.0 = Release|Any CPU
		{C174A9F9-12DA-458B-AC6B-43A4A0785602}.Debug|Any CPU.ActiveCfg = Debug|Any CPU
		{C174A9F9-12DA-458B-AC6B-43A4A0785602}.Debug|Any CPU.Build.0 = Debug|Any CPU
		{C174A9F9-12DA-458B-AC6B-43A4A0785602}.Release|Any CPU.ActiveCfg = Release|Any CPU
		{C174A9F9-12DA-458B-AC6B-43A4A0785602}.Release|Any CPU.Build.0 = Release|Any CPU
		{FBDBA537-65CF-4C1A-BCE2-C4CE273880E3}.Debug|Any CPU.ActiveCfg = Debug|Any CPU
		{FBDBA537-65CF-4C1A-BCE2-C4CE273880E3}.Debug|Any CPU.Build.0 = Debug|Any CPU
		{FBDBA537-65CF-4C1A-BCE2-C4CE273880E3}.Release|Any CPU.ActiveCfg = Release|Any CPU
		{FBDBA537-65CF-4C1A-BCE2-C4CE273880E3}.Release|Any CPU.Build.0 = Release|Any CPU
		{3CD2595E-5876-4698-BA17-FFA209E553E8}.Debug|Any CPU.ActiveCfg = Debug|Any CPU
		{3CD2595E-5876-4698-BA17-FFA209E553E8}.Debug|Any CPU.Build.0 = Debug|Any CPU
		{3CD2595E-5876-4698-BA17-FFA209E553E8}.Release|Any CPU.ActiveCfg = Release|Any CPU
		{3CD2595E-5876-4698-BA17-FFA209E553E8}.Release|Any CPU.Build.0 = Release|Any CPU
		{BE7ADF69-6D56-4284-9ED0-5A3129C46538}.Debug|Any CPU.ActiveCfg = Debug|Any CPU
		{BE7ADF69-6D56-4284-9ED0-5A3129C46538}.Debug|Any CPU.Build.0 = Debug|Any CPU
		{BE7ADF69-6D56-4284-9ED0-5A3129C46538}.Release|Any CPU.ActiveCfg = Release|Any CPU
		{BE7ADF69-6D56-4284-9ED0-5A3129C46538}.Release|Any CPU.Build.0 = Release|Any CPU
		{912F229F-708F-4E72-AFF0-CE43FF10CF64}.Debug|Any CPU.ActiveCfg = Debug|Any CPU
		{912F229F-708F-4E72-AFF0-CE43FF10CF64}.Debug|Any CPU.Build.0 = Debug|Any CPU
		{912F229F-708F-4E72-AFF0-CE43FF10CF64}.Release|Any CPU.ActiveCfg = Release|Any CPU
		{912F229F-708F-4E72-AFF0-CE43FF10CF64}.Release|Any CPU.Build.0 = Release|Any CPU
		{0AA1B757-0FFA-40F0-80D2-D799631DB0E8}.Debug|Any CPU.ActiveCfg = Debug|Any CPU
		{0AA1B757-0FFA-40F0-80D2-D799631DB0E8}.Debug|Any CPU.Build.0 = Debug|Any CPU
		{0AA1B757-0FFA-40F0-80D2-D799631DB0E8}.Release|Any CPU.ActiveCfg = Release|Any CPU
		{0AA1B757-0FFA-40F0-80D2-D799631DB0E8}.Release|Any CPU.Build.0 = Release|Any CPU
		{5DB247AC-6DD5-439F-8ADC-29036B100C1B}.Debug|Any CPU.ActiveCfg = Debug|Any CPU
		{5DB247AC-6DD5-439F-8ADC-29036B100C1B}.Debug|Any CPU.Build.0 = Debug|Any CPU
		{5DB247AC-6DD5-439F-8ADC-29036B100C1B}.Release|Any CPU.ActiveCfg = Release|Any CPU
		{5DB247AC-6DD5-439F-8ADC-29036B100C1B}.Release|Any CPU.Build.0 = Release|Any CPU
		{0E9F9D50-80AE-4C67-9BF0-D2114D808476}.Debug|Any CPU.ActiveCfg = Debug|Any CPU
		{0E9F9D50-80AE-4C67-9BF0-D2114D808476}.Debug|Any CPU.Build.0 = Debug|Any CPU
		{0E9F9D50-80AE-4C67-9BF0-D2114D808476}.Release|Any CPU.ActiveCfg = Release|Any CPU
		{0E9F9D50-80AE-4C67-9BF0-D2114D808476}.Release|Any CPU.Build.0 = Release|Any CPU
		{84145876-C432-418A-8C4D-AC93E2951871}.Debug|Any CPU.ActiveCfg = Debug|Any CPU
		{84145876-C432-418A-8C4D-AC93E2951871}.Debug|Any CPU.Build.0 = Debug|Any CPU
		{84145876-C432-418A-8C4D-AC93E2951871}.Release|Any CPU.ActiveCfg = Release|Any CPU
		{84145876-C432-418A-8C4D-AC93E2951871}.Release|Any CPU.Build.0 = Release|Any CPU
		{E9E07DF6-5C59-44BA-A97C-C4125D191ED0}.Debug|Any CPU.ActiveCfg = Debug|Any CPU
		{E9E07DF6-5C59-44BA-A97C-C4125D191ED0}.Debug|Any CPU.Build.0 = Debug|Any CPU
		{E9E07DF6-5C59-44BA-A97C-C4125D191ED0}.Release|Any CPU.ActiveCfg = Release|Any CPU
		{E9E07DF6-5C59-44BA-A97C-C4125D191ED0}.Release|Any CPU.Build.0 = Release|Any CPU
		{D5BEFB82-E30F-44CD-BE37-618B978555C9}.Debug|Any CPU.ActiveCfg = Debug|Any CPU
		{D5BEFB82-E30F-44CD-BE37-618B978555C9}.Debug|Any CPU.Build.0 = Debug|Any CPU
		{D5BEFB82-E30F-44CD-BE37-618B978555C9}.Release|Any CPU.ActiveCfg = Release|Any CPU
		{D5BEFB82-E30F-44CD-BE37-618B978555C9}.Release|Any CPU.Build.0 = Release|Any CPU
		{9E8A02B0-4DB8-4A91-A4B9-1815E09AE933}.Debug|Any CPU.ActiveCfg = Debug|Any CPU
		{9E8A02B0-4DB8-4A91-A4B9-1815E09AE933}.Debug|Any CPU.Build.0 = Debug|Any CPU
		{9E8A02B0-4DB8-4A91-A4B9-1815E09AE933}.Release|Any CPU.ActiveCfg = Release|Any CPU
		{9E8A02B0-4DB8-4A91-A4B9-1815E09AE933}.Release|Any CPU.Build.0 = Release|Any CPU
	EndGlobalSection
	GlobalSection(SolutionProperties) = preSolution
		HideSolutionNode = FALSE
	EndGlobalSection
	GlobalSection(NestedProjects) = preSolution
		{FBAC6972-ECFC-4759-846E-ECA8BA026804} = {6C0F7480-A515-47F6-95E1-5E56F5EC5FF2}
		{9F4FA9B7-5509-41C6-89A3-9815EC1452B6} = {6C0F7480-A515-47F6-95E1-5E56F5EC5FF2}
		{13E3EB27-26CB-4C5D-BF00-6CF212B68BC8} = {6C0F7480-A515-47F6-95E1-5E56F5EC5FF2}
		{C174A9F9-12DA-458B-AC6B-43A4A0785602} = {AD6E32D0-5F21-4E2E-82E6-5B787BA03FFD}
		{FBDBA537-65CF-4C1A-BCE2-C4CE273880E3} = {AD6E32D0-5F21-4E2E-82E6-5B787BA03FFD}
		{3CD2595E-5876-4698-BA17-FFA209E553E8} = {AD6E32D0-5F21-4E2E-82E6-5B787BA03FFD}
		{BE7ADF69-6D56-4284-9ED0-5A3129C46538} = {5C56DF32-AB5B-4733-976D-78B80C618D29}
		{912F229F-708F-4E72-AFF0-CE43FF10CF64} = {5C56DF32-AB5B-4733-976D-78B80C618D29}
		{0AA1B757-0FFA-40F0-80D2-D799631DB0E8} = {5C56DF32-AB5B-4733-976D-78B80C618D29}
		{5DB247AC-6DD5-439F-8ADC-29036B100C1B} = {35E17172-F4F3-4526-892E-0D484C4254FE}
		{0E9F9D50-80AE-4C67-9BF0-D2114D808476} = {35E17172-F4F3-4526-892E-0D484C4254FE}
		{84145876-C432-418A-8C4D-AC93E2951871} = {35E17172-F4F3-4526-892E-0D484C4254FE}
		{E9E07DF6-5C59-44BA-A97C-C4125D191ED0} = {C0DF644F-B462-4165-9729-796849DB72D2}
		{D5BEFB82-E30F-44CD-BE37-618B978555C9} = {C0DF644F-B462-4165-9729-796849DB72D2}
		{9E8A02B0-4DB8-4A91-A4B9-1815E09AE933} = {C0DF644F-B462-4165-9729-796849DB72D2}
	EndGlobalSection
	GlobalSection(ExtensibilityGlobals) = postSolution
		SolutionGuid = {07180A4D-A092-43F1-A478-214713BF9538}
	EndGlobalSection
EndGlobal
